
Microsoft Visual Studio Solution File, Format Version 12.00
# Visual Studio 15
VisualStudioVersion = 15.0.28010.2003
MinimumVisualStudioVersion = 10.0.40219.1
Project("{FAE04EC0-301F-11D3-BF4B-00C04F79EFBC}") = "AlexaWebApi", "AlexaWebApi\AlexaWebApi.csproj", "{28DBB95F-2DCF-4BBC-B671-4FC31044D282}"
EndProject
Global
	GlobalSection(SolutionConfigurationPlatforms) = preSolution
		Debug|Any CPU = Debug|Any CPU
		Release|Any CPU = Release|Any CPU
	EndGlobalSection
	GlobalSection(ProjectConfigurationPlatforms) = postSolution
		{28DBB95F-2DCF-4BBC-B671-4FC31044D282}.Debug|Any CPU.ActiveCfg = Debug|Any CPU
		{28DBB95F-2DCF-4BBC-B671-4FC31044D282}.Debug|Any CPU.Build.0 = Debug|Any CPU
		{28DBB95F-2DCF-4BBC-B671-4FC31044D282}.Release|Any CPU.ActiveCfg = Release|Any CPU
		{28DBB95F-2DCF-4BBC-B671-4FC31044D282}.Release|Any CPU.Build.0 = Release|Any CPU
	EndGlobalSection
	GlobalSection(SolutionProperties) = preSolution
		HideSolutionNode = FALSE
	EndGlobalSection
	GlobalSection(ExtensibilityGlobals) = postSolution
		SolutionGuid = {E6BDF4DC-EB6C-42E5-8993-949EDA9FE855}
	EndGlobalSection
EndGlobal
